
Microsoft Visual Studio Solution File, Format Version 12.00
# Visual Studio Version 17
VisualStudioVersion = 17.6.33723.286
MinimumVisualStudioVersion = 10.0.40219.1
Project("{9A19103F-16F7-4668-BE54-9A1E7A4F7556}") = "Countries.API.Rest", "Countries.API.Rest.csproj", "{CF2E5D3D-B38A-481B-8BC6-491DD4A9B814}"
EndProject
Project("{9A19103F-16F7-4668-BE54-9A1E7A4F7556}") = "Countries.API.Core", "..\Countries.API.Core\Countries.API.Core.csproj", "{6493BF37-896A-42C1-888C-B27508D7BAF4}"
EndProject
Project("{9A19103F-16F7-4668-BE54-9A1E7A4F7556}") = "Countries.API.Infrastructure", "..\Countries.API.Infrastructure\Countries.API.Infrastructure.csproj", "{F58E91F0-456B-4BAA-AA89-D023DD2FBBBD}"
EndProject
Project("{9A19103F-16F7-4668-BE54-9A1E7A4F7556}") = "Countries.API.Unittests", "..\Countries.API.Unittests\Countries.API.Unittests.csproj", "{1F71A003-61E7-4D5D-B12C-09C5C4D43CF1}"
EndProject
Global
	GlobalSection(SolutionConfigurationPlatforms) = preSolution
		Debug|Any CPU = Debug|Any CPU
		Release|Any CPU = Release|Any CPU
	EndGlobalSection
	GlobalSection(ProjectConfigurationPlatforms) = postSolution
		{CF2E5D3D-B38A-481B-8BC6-491DD4A9B814}.Debug|Any CPU.ActiveCfg = Debug|Any CPU
		{CF2E5D3D-B38A-481B-8BC6-491DD4A9B814}.Debug|Any CPU.Build.0 = Debug|Any CPU
		{CF2E5D3D-B38A-481B-8BC6-491DD4A9B814}.Release|Any CPU.ActiveCfg = Release|Any CPU
		{CF2E5D3D-B38A-481B-8BC6-491DD4A9B814}.Release|Any CPU.Build.0 = Release|Any CPU
		{6493BF37-896A-42C1-888C-B27508D7BAF4}.Debug|Any CPU.ActiveCfg = Debug|Any CPU
		{6493BF37-896A-42C1-888C-B27508D7BAF4}.Debug|Any CPU.Build.0 = Debug|Any CPU
		{6493BF37-896A-42C1-888C-B27508D7BAF4}.Release|Any CPU.ActiveCfg = Release|Any CPU
		{6493BF37-896A-42C1-888C-B27508D7BAF4}.Release|Any CPU.Build.0 = Release|Any CPU
		{F58E91F0-456B-4BAA-AA89-D023DD2FBBBD}.Debug|Any CPU.ActiveCfg = Debug|Any CPU
		{F58E91F0-456B-4BAA-AA89-D023DD2FBBBD}.Debug|Any CPU.Build.0 = Debug|Any CPU
		{F58E91F0-456B-4BAA-AA89-D023DD2FBBBD}.Release|Any CPU.ActiveCfg = Release|Any CPU
		{F58E91F0-456B-4BAA-AA89-D023DD2FBBBD}.Release|Any CPU.Build.0 = Release|Any CPU
		{1F71A003-61E7-4D5D-B12C-09C5C4D43CF1}.Debug|Any CPU.ActiveCfg = Debug|Any CPU
		{1F71A003-61E7-4D5D-B12C-09C5C4D43CF1}.Debug|Any CPU.Build.0 = Debug|Any CPU
		{1F71A003-61E7-4D5D-B12C-09C5C4D43CF1}.Release|Any CPU.ActiveCfg = Release|Any CPU
		{1F71A003-61E7-4D5D-B12C-09C5C4D43CF1}.Release|Any CPU.Build.0 = Release|Any CPU
	EndGlobalSection
	GlobalSection(SolutionProperties) = preSolution
		HideSolutionNode = FALSE
	EndGlobalSection
	GlobalSection(ExtensibilityGlobals) = postSolution
		SolutionGuid = {BC7C2472-E2B3-4808-8F9F-A534879A138E}
	EndGlobalSection
EndGlobal
